PODS:
  - github-service (0.1.0):
    - RealmSwift (= 10.12.0)
    - RxCocoa (= 6.2.0)
    - RxSwift (= 6.2.0)
    - StatusCodes
  - github-service/Tests (0.1.0):
    - RealmSwift (= 10.12.0)
    - RxBlocking (= 6.2.0)
    - RxCocoa (= 6.2.0)
    - RxSwift (= 6.2.0)
    - RxTest (= 6.2.0)
    - StatusCodes
  - MVP (0.1.0)
  - ReactiveCocoa (11.2.1):
    - ReactiveSwift (~> 6.6)
  - ReactiveSwift (6.7.0)
  - Realm (10.12.0):
    - Realm/Headers (= 10.12.0)
  - Realm/Headers (10.12.0)
  - RealmSwift (10.12.0):
    - Realm (= 10.12.0)
  - RxBiBinding (0.3.5):
    - RxCocoa (~> 6.0)
    - RxSwift (~> 6.0)
  - RxBinding (0.5):
    - RxCocoa (~> 6)
    - RxSwift (~> 6)
  - RxBlocking (6.2.0):
    - RxSwift (= 6.2.0)
  - RxCocoa (6.2.0):
    - RxRelay (= 6.2.0)
    - RxSwift (= 6.2.0)
  - RxRelay (6.2.0):
    - RxSwift (= 6.2.0)
  - RxSwift (6.2.0)
  - RxTest (6.2.0):
    - RxSwift (= 6.2.0)
  - StatusCodes (2.0.2)
  - TPKeyboardAvoiding (1.3.5)

DEPENDENCIES:
  - github-service (from `./LocalPods/github-service`)
  - github-service/Tests (from `./LocalPods/github-service`)
  - MVP (from `./LocalPods/MVP`)
  - ReactiveCocoa (= 11.2.1)
  - RxBiBinding (= 0.3.5)
  - RxBinding (= 0.5)
  - RxBlocking (= 6.2.0)
  - RxCocoa (= 6.2.0)
  - RxSwift (= 6.2.0)
  - RxTest (= 6.2.0)
  - TPKeyboardAvoiding (= 1.3.5)

SPEC REPOS:
  trunk:
    - ReactiveCocoa
    - ReactiveSwift
    - Realm
    - RealmSwift
    - RxBiBinding
    - RxBinding
    - RxBlocking
    - RxCocoa
    - RxRelay
    - RxSwift
    - RxTest
    - StatusCodes
    - TPKeyboardAvoiding

EXTERNAL SOURCES:
  github-service:
    :path: "./LocalPods/github-service"
  MVP:
    :path: "./LocalPods/MVP"

SPEC CHECKSUMS:
  github-service: b74c32eaf1a93559f4481b161bfa21c12f4a40cd
  MVP: b2b9ae61bfd67f75c5e06d19fd66767742b6a32c
  ReactiveCocoa: 194289e7069037d40c59cb4ae9230f4b1ec05fa8
  ReactiveSwift: 208201d6ecc9734196d147aa76bc1f24b1b821fe
  Realm: 32488213acb44660539c619d620cec1bac046166
  RealmSwift: 0abdca6231d5ff8a4f84cef9c1121ef95a483faf
  RxBiBinding: c4de0aad6ee668fa73ea6ba423bc0ab5d77b986b
  RxBinding: e3c76d02d0ee3f1a306a0fb8e8ef6f2eda65a375
  RxBlocking: 0b29f7d2079109a8de49c411381bed7c33ef1eeb
  RxCocoa: 4baf94bb35f2c0ab31bc0cb9f1900155f646ba42
  RxRelay: e72dbfd157807478401ef1982e1c61c945c94b2f
  RxSwift: d356ab7bee873611322f134c5f9ef379fa183d8f
  RxTest: 0c692fa672b694373ba86d2b00033595297a2831
  StatusCodes: d4535c2edcee7533b2b32aeefa7bb58d92f28176
  TPKeyboardAvoiding: d55b3ea7b362540af8fcf36aa3ed2e87bf210cc6

PODFILE CHECKSUM: 8d505510112df11ab95a9ffdd999fbd9f8806967

COCOAPODS: 1.11.0
