// !$*UTF8*$!
{
	archiveVersion = 1;
	classes = {
	};
	objectVersion = 51;
	objects = {

/* Begin PBXBuildFile section */
		411EC90626E01BB400A95010 /* AppDelegate.swift in Sources */ = {isa = PBXBuildFile; fileRef = 411EC90526E01BB400A95010 /* AppDelegate.swift */; };
		411EC90826E01BB400A95010 /* SceneDelegate.swift in Sources */ = {isa = PBXBuildFile; fileRef = 411EC90726E01BB400A95010 /* SceneDelegate.swift */; };
		411EC90D26E01BB400A95010 /* Main.storyboard in Resources */ = {isa = PBXBuildFile; fileRef = 411EC90B26E01BB400A95010 /* Main.storyboard */; };
		411EC90F26E01BB500A95010 /* Assets.xcassets in Resources */ = {isa = PBXBuildFile; fileRef = 411EC90E26E01BB500A95010 /* Assets.xcassets */; };
		411EC91226E01BB500A95010 /* LaunchScreen.storyboard in Resources */ = {isa = PBXBuildFile; fileRef = 411EC91026E01BB500A95010 /* LaunchScreen.storyboard */; };
		411EC91D26E01BB600A95010 /* StargazersTests.swift in Sources */ = {isa = PBXBuildFile; fileRef = 411EC91C26E01BB600A95010 /* StargazersTests.swift */; };
		411EC92826E01BB600A95010 /* StargazersUITests.swift in Sources */ = {isa = PBXBuildFile; fileRef = 411EC92726E01BB600A95010 /* StargazersUITests.swift */; };
		4156ED1B26E5177200BF25DD /* SearchStargazersPresenter.swift in Sources */ = {isa = PBXBuildFile; fileRef = 4156ED1826E5177200BF25DD /* SearchStargazersPresenter.swift */; };
		4156ED1C26E5177200BF25DD /* SearchStargazersViewController.swift in Sources */ = {isa = PBXBuildFile; fileRef = 4156ED1926E5177200BF25DD /* SearchStargazersViewController.swift */; };
		4156ED1D26E5177200BF25DD /* SearchStargazersViewModel.swift in Sources */ = {isa = PBXBuildFile; fileRef = 4156ED1A26E5177200BF25DD /* SearchStargazersViewModel.swift */; };
		4156ED2026E51B0000BF25DD /* StargazerCellTableViewCell.swift in Sources */ = {isa = PBXBuildFile; fileRef = 4156ED1F26E51B0000BF25DD /* StargazerCellTableViewCell.swift */; };
		4156ED2326E5202000BF25DD /* config.swift in Sources */ = {isa = PBXBuildFile; fileRef = 4156ED2226E5202000BF25DD /* config.swift */; };
		4156ED2626E544D800BF25DD /* StringExt.swift in Sources */ = {isa = PBXBuildFile; fileRef = 4156ED2526E544D800BF25DD /* StringExt.swift */; };
		4156ED2826E5465500BF25DD /* ErrorExt.swift in Sources */ = {isa = PBXBuildFile; fileRef = 4156ED2726E5465500BF25DD /* ErrorExt.swift */; };
		6457B01AEBA71FF0CD4394CF /* Pods_Stargazers.framework in Frameworks */ = {isa = PBXBuildFile; fileRef = E7D4A431F2B1A2B10C13187B /* Pods_Stargazers.framework */; };
		D543D9EE696F2D7D5AAC6A4A /* Pods_StargazersTests.framework in Frameworks */ = {isa = PBXBuildFile; fileRef = 42692109530E27BA17F648A3 /* Pods_StargazersTests.framework */; };
		DA1975D353F6A74F9F129338 /* Pods_Stargazers_StargazersUITests.framework in Frameworks */ = {isa = PBXBuildFile; fileRef = F68A04F4E70E5CFC3C105DF8 /* Pods_Stargazers_StargazersUITests.framework */; };
/* End PBXBuildFile section */

/* Begin PBXContainerItemProxy section */
		411EC91926E01BB600A95010 /* PBXContainerItemProxy */ = {
			isa = PBXContainerItemProxy;
			containerPortal = 411EC8FA26E01BB400A95010 /* Project object */;
			proxyType = 1;
			remoteGlobalIDString = 411EC90126E01BB400A95010;
			remoteInfo = Stargazers;
		};
		411EC92426E01BB600A95010 /* PBXContainerItemProxy */ = {
			isa = PBXContainerItemProxy;
			containerPortal = 411EC8FA26E01BB400A95010 /* Project object */;
			proxyType = 1;
			remoteGlobalIDString = 411EC90126E01BB400A95010;
			remoteInfo = Stargazers;
		};
/* End PBXContainerItemProxy section */

/* Begin PBXFileReference section */
		091833309FBBC5ACBBF82983 /* Pods-StargazersTests.release.xcconfig */ = {isa = PBXFileReference; includeInIndex = 1; lastKnownFileType = text.xcconfig; name = "Pods-StargazersTests.release.xcconfig"; path = "Target Support Files/Pods-StargazersTests/Pods-StargazersTests.release.xcconfig"; sourceTree = "<group>"; };
		411EC90226E01BB400A95010 /* Stargazers.app */ = {isa = PBXFileReference; explicitFileType = wrapper.application; includeInIndex = 0; path = Stargazers.app; sourceTree = BUILT_PRODUCTS_DIR; };
		411EC90526E01BB400A95010 /* AppDelegate.swift */ = {isa = PBXFileReference; lastKnownFileType = sourcecode.swift; path = AppDelegate.swift; sourceTree = "<group>"; };
		411EC90726E01BB400A95010 /* SceneDelegate.swift */ = {isa = PBXFileReference; lastKnownFileType = sourcecode.swift; path = SceneDelegate.swift; sourceTree = "<group>"; };
		411EC90C26E01BB400A95010 /* Base */ = {isa = PBXFileReference; lastKnownFileType = file.storyboard; name = Base; path = Base.lproj/Main.storyboard; sourceTree = "<group>"; };
		411EC90E26E01BB500A95010 /* Assets.xcassets */ = {isa = PBXFileReference; lastKnownFileType = folder.assetcatalog; path = Assets.xcassets; sourceTree = "<group>"; };
		411EC91126E01BB500A95010 /* Base */ = {isa = PBXFileReference; lastKnownFileType = file.storyboard; name = Base; path = Base.lproj/LaunchScreen.storyboard; sourceTree = "<group>"; };
		411EC91326E01BB500A95010 /* Info.plist */ = {isa = PBXFileReference; lastKnownFileType = text.plist.xml; path = Info.plist; sourceTree = "<group>"; };
		411EC91826E01BB600A95010 /* StargazersTests.xctest */ = {isa = PBXFileReference; explicitFileType = wrapper.cfbundle; includeInIndex = 0; path = StargazersTests.xctest; sourceTree = BUILT_PRODUCTS_DIR; };
		411EC91C26E01BB600A95010 /* StargazersTests.swift */ = {isa = PBXFileReference; lastKnownFileType = sourcecode.swift; path = StargazersTests.swift; sourceTree = "<group>"; };
		411EC91E26E01BB600A95010 /* Info.plist */ = {isa = PBXFileReference; lastKnownFileType = text.plist.xml; path = Info.plist; sourceTree = "<group>"; };
		411EC92326E01BB600A95010 /* StargazersUITests.xctest */ = {isa = PBXFileReference; explicitFileType = wrapper.cfbundle; includeInIndex = 0; path = StargazersUITests.xctest; sourceTree = BUILT_PRODUCTS_DIR; };
		411EC92726E01BB600A95010 /* StargazersUITests.swift */ = {isa = PBXFileReference; lastKnownFileType = sourcecode.swift; path = StargazersUITests.swift; sourceTree = "<group>"; };
		411EC92926E01BB600A95010 /* Info.plist */ = {isa = PBXFileReference; lastKnownFileType = text.plist.xml; path = Info.plist; sourceTree = "<group>"; };
		4156ED1826E5177200BF25DD /* SearchStargazersPresenter.swift */ = {isa = PBXFileReference; fileEncoding = 4; lastKnownFileType = sourcecode.swift; name = SearchStargazersPresenter.swift; path = Stargazers/ui/stargazers/SearchStargazersPresenter.swift; sourceTree = SOURCE_ROOT; };
		4156ED1926E5177200BF25DD /* SearchStargazersViewController.swift */ = {isa = PBXFileReference; fileEncoding = 4; lastKnownFileType = sourcecode.swift; name = SearchStargazersViewController.swift; path = Stargazers/ui/stargazers/SearchStargazersViewController.swift; sourceTree = SOURCE_ROOT; };
		4156ED1A26E5177200BF25DD /* SearchStargazersViewModel.swift */ = {isa = PBXFileReference; fileEncoding = 4; lastKnownFileType = sourcecode.swift; name = SearchStargazersViewModel.swift; path = Stargazers/ui/stargazers/SearchStargazersViewModel.swift; sourceTree = SOURCE_ROOT; };
		4156ED1F26E51B0000BF25DD /* StargazerCellTableViewCell.swift */ = {isa = PBXFileReference; lastKnownFileType = sourcecode.swift; path = StargazerCellTableViewCell.swift; sourceTree = "<group>"; };
		4156ED2226E5202000BF25DD /* config.swift */ = {isa = PBXFileReference; lastKnownFileType = sourcecode.swift; path = config.swift; sourceTree = "<group>"; };
		4156ED2526E544D800BF25DD /* StringExt.swift */ = {isa = PBXFileReference; lastKnownFileType = sourcecode.swift; path = StringExt.swift; sourceTree = "<group>"; };
		4156ED2726E5465500BF25DD /* ErrorExt.swift */ = {isa = PBXFileReference; lastKnownFileType = sourcecode.swift; path = ErrorExt.swift; sourceTree = "<group>"; };
		42692109530E27BA17F648A3 /* Pods_StargazersTests.framework */ = {isa = PBXFileReference; explicitFileType = wrapper.framework; includeInIndex = 0; path = Pods_StargazersTests.framework; sourceTree = BUILT_PRODUCTS_DIR; };
		59E3934FFB7012040C3F884D /* Pods-Stargazers.release.xcconfig */ = {isa = PBXFileReference; includeInIndex = 1; lastKnownFileType = text.xcconfig; name = "Pods-Stargazers.release.xcconfig"; path = "Target Support Files/Pods-Stargazers/Pods-Stargazers.release.xcconfig"; sourceTree = "<group>"; };
		7C41656B0F57AF3B0ED6C797 /* Pods-Stargazers.debug.xcconfig */ = {isa = PBXFileReference; includeInIndex = 1; lastKnownFileType = text.xcconfig; name = "Pods-Stargazers.debug.xcconfig"; path = "Target Support Files/Pods-Stargazers/Pods-Stargazers.debug.xcconfig"; sourceTree = "<group>"; };
		81BBA7E35B4877974054F937 /* Pods-StargazersTests.debug.xcconfig */ = {isa = PBXFileReference; includeInIndex = 1; lastKnownFileType = text.xcconfig; name = "Pods-StargazersTests.debug.xcconfig"; path = "Target Support Files/Pods-StargazersTests/Pods-StargazersTests.debug.xcconfig"; sourceTree = "<group>"; };
		C017378AB15E5D137067A2DE /* Pods-Stargazers-StargazersUITests.debug.xcconfig */ = {isa = PBXFileReference; includeInIndex = 1; lastKnownFileType = text.xcconfig; name = "Pods-Stargazers-StargazersUITests.debug.xcconfig"; path = "Target Support Files/Pods-Stargazers-StargazersUITests/Pods-Stargazers-StargazersUITests.debug.xcconfig"; sourceTree = "<group>"; };
		E7D4A431F2B1A2B10C13187B /* Pods_Stargazers.framework */ = {isa = PBXFileReference; explicitFileType = wrapper.framework; includeInIndex = 0; path = Pods_Stargazers.framework; sourceTree = BUILT_PRODUCTS_DIR; };
		E969B13E7700C02077961AD6 /* Pods-Stargazers-StargazersUITests.release.xcconfig */ = {isa = PBXFileReference; includeInIndex = 1; lastKnownFileType = text.xcconfig; name = "Pods-Stargazers-StargazersUITests.release.xcconfig"; path = "Target Support Files/Pods-Stargazers-StargazersUITests/Pods-Stargazers-StargazersUITests.release.xcconfig"; sourceTree = "<group>"; };
		F68A04F4E70E5CFC3C105DF8 /* Pods_Stargazers_StargazersUITests.framework */ = {isa = PBXFileReference; explicitFileType = wrapper.framework; includeInIndex = 0; path = Pods_Stargazers_StargazersUITests.framework; sourceTree = BUILT_PRODUCTS_DIR; };
/* End PBXFileReference section */

/* Begin PBXFrameworksBuildPhase section */
		411EC8FF26E01BB400A95010 /* Frameworks */ = {
			isa = PBXFrameworksBuildPhase;
			buildActionMask = 2147483647;
			files = (
				6457B01AEBA71FF0CD4394CF /* Pods_Stargazers.framework in Frameworks */,
			);
			runOnlyForDeploymentPostprocessing = 0;
		};
		411EC91526E01BB600A95010 /* Frameworks */ = {
			isa = PBXFrameworksBuildPhase;
			buildActionMask = 2147483647;
			files = (
				D543D9EE696F2D7D5AAC6A4A /* Pods_StargazersTests.framework in Frameworks */,
			);
			runOnlyForDeploymentPostprocessing = 0;
		};
		411EC92026E01BB600A95010 /* Frameworks */ = {
			isa = PBXFrameworksBuildPhase;
			buildActionMask = 2147483647;
			files = (
				DA1975D353F6A74F9F129338 /* Pods_Stargazers_StargazersUITests.framework in Frameworks */,
			);
			runOnlyForDeploymentPostprocessing = 0;
		};
/* End PBXFrameworksBuildPhase section */

/* Begin PBXGroup section */
		411EC8F926E01BB400A95010 = {
			isa = PBXGroup;
			children = (
				411EC90426E01BB400A95010 /* Stargazers */,
				411EC91B26E01BB600A95010 /* StargazersTests */,
				411EC92626E01BB600A95010 /* StargazersUITests */,
				411EC90326E01BB400A95010 /* Products */,
				DED27A645E5D15704CEB1194 /* Pods */,
				B61772B6FF63B45AF097BB85 /* Frameworks */,
			);
			sourceTree = "<group>";
		};
		411EC90326E01BB400A95010 /* Products */ = {
			isa = PBXGroup;
			children = (
				411EC90226E01BB400A95010 /* Stargazers.app */,
				411EC91826E01BB600A95010 /* StargazersTests.xctest */,
				411EC92326E01BB600A95010 /* StargazersUITests.xctest */,
			);
			name = Products;
			sourceTree = "<group>";
		};
		411EC90426E01BB400A95010 /* Stargazers */ = {
			isa = PBXGroup;
			children = (
				4156ED2426E544CB00BF25DD /* extensions */,
				4156ED2126E5200F00BF25DD /* config */,
				4156ED0826E5039C00BF25DD /* ui */,
				411EC90526E01BB400A95010 /* AppDelegate.swift */,
				411EC90726E01BB400A95010 /* SceneDelegate.swift */,
				411EC91026E01BB500A95010 /* LaunchScreen.storyboard */,
				411EC90E26E01BB500A95010 /* Assets.xcassets */,
				411EC91326E01BB500A95010 /* Info.plist */,
			);
			path = Stargazers;
			sourceTree = "<group>";
		};
		411EC91B26E01BB600A95010 /* StargazersTests */ = {
			isa = PBXGroup;
			children = (
				411EC91C26E01BB600A95010 /* StargazersTests.swift */,
				411EC91E26E01BB600A95010 /* Info.plist */,
			);
			path = StargazersTests;
			sourceTree = "<group>";
		};
		411EC92626E01BB600A95010 /* StargazersUITests */ = {
			isa = PBXGroup;
			children = (
				411EC92726E01BB600A95010 /* StargazersUITests.swift */,
				411EC92926E01BB600A95010 /* Info.plist */,
			);
			path = StargazersUITests;
			sourceTree = "<group>";
		};
		4156ED0826E5039C00BF25DD /* ui */ = {
			isa = PBXGroup;
			children = (
				411EC90B26E01BB400A95010 /* Main.storyboard */,
				4156ED0926E503B200BF25DD /* stargazers */,
			);
			path = ui;
			sourceTree = "<group>";
		};
		4156ED0926E503B200BF25DD /* stargazers */ = {
			isa = PBXGroup;
			children = (
				4156ED0A26E5040700BF25DD /* search */,
			);
			path = stargazers;
			sourceTree = "<group>";
		};
		4156ED0A26E5040700BF25DD /* search */ = {
			isa = PBXGroup;
			children = (
				4156ED1E26E51AEB00BF25DD /* view */,
				4156ED1826E5177200BF25DD /* SearchStargazersPresenter.swift */,
				4156ED1926E5177200BF25DD /* SearchStargazersViewController.swift */,
				4156ED1A26E5177200BF25DD /* SearchStargazersViewModel.swift */,
			);
			path = search;
			sourceTree = "<group>";
		};
		4156ED1E26E51AEB00BF25DD /* view */ = {
			isa = PBXGroup;
			children = (
				4156ED1F26E51B0000BF25DD /* StargazerCellTableViewCell.swift */,
			);
			path = view;
			sourceTree = "<group>";
		};
		4156ED2126E5200F00BF25DD /* config */ = {
			isa = PBXGroup;
			children = (
				4156ED2226E5202000BF25DD /* config.swift */,
			);
			path = config;
			sourceTree = "<group>";
		};
		4156ED2426E544CB00BF25DD /* extensions */ = {
			isa = PBXGroup;
			children = (
				4156ED2526E544D800BF25DD /* StringExt.swift */,
				4156ED2726E5465500BF25DD /* ErrorExt.swift */,
			);
			path = extensions;
			sourceTree = "<group>";
		};
		B61772B6FF63B45AF097BB85 /* Frameworks */ = {
			isa = PBXGroup;
			children = (
				E7D4A431F2B1A2B10C13187B /* Pods_Stargazers.framework */,
				F68A04F4E70E5CFC3C105DF8 /* Pods_Stargazers_StargazersUITests.framework */,
				42692109530E27BA17F648A3 /* Pods_StargazersTests.framework */,
			);
			name = Frameworks;
			sourceTree = "<group>";
		};
		DED27A645E5D15704CEB1194 /* Pods */ = {
			isa = PBXGroup;
			children = (
				7C41656B0F57AF3B0ED6C797 /* Pods-Stargazers.debug.xcconfig */,
				59E3934FFB7012040C3F884D /* Pods-Stargazers.release.xcconfig */,
				C017378AB15E5D137067A2DE /* Pods-Stargazers-StargazersUITests.debug.xcconfig */,
				E969B13E7700C02077961AD6 /* Pods-Stargazers-StargazersUITests.release.xcconfig */,
				81BBA7E35B4877974054F937 /* Pods-StargazersTests.debug.xcconfig */,
				091833309FBBC5ACBBF82983 /* Pods-StargazersTests.release.xcconfig */,
			);
			path = Pods;
			sourceTree = "<group>";
		};
/* End PBXGroup section */

/* Begin PBXNativeTarget section */
		411EC90126E01BB400A95010 /* Stargazers */ = {
			isa = PBXNativeTarget;
			buildConfigurationList = 411EC92C26E01BB600A95010 /* Build configuration list for PBXNativeTarget "Stargazers" */;
			buildPhases = (
				ED30F38FF145F7ECA6BBCDDA /* [CP] Check Pods Manifest.lock */,
				411EC8FE26E01BB400A95010 /* Sources */,
				411EC8FF26E01BB400A95010 /* Frameworks */,
				411EC90026E01BB400A95010 /* Resources */,
				AE5B861774305A22058804AB /* [CP] Embed Pods Frameworks */,
			);
			buildRules = (
			);
			dependencies = (
			);
			name = Stargazers;
			productName = Stargazers;
			productReference = 411EC90226E01BB400A95010 /* Stargazers.app */;
			productType = "com.apple.product-type.application";
		};
		411EC91726E01BB600A95010 /* StargazersTests */ = {
			isa = PBXNativeTarget;
			buildConfigurationList = 411EC92F26E01BB600A95010 /* Build configuration list for PBXNativeTarget "StargazersTests" */;
			buildPhases = (
				112D1BE13B4EDCD33F2089AF /* [CP] Check Pods Manifest.lock */,
				411EC91426E01BB600A95010 /* Sources */,
				411EC91526E01BB600A95010 /* Frameworks */,
				411EC91626E01BB600A95010 /* Resources */,
				BD4559A5140055134CFB1BC2 /* [CP] Embed Pods Frameworks */,
			);
			buildRules = (
			);
			dependencies = (
				411EC91A26E01BB600A95010 /* PBXTargetDependency */,
			);
			name = StargazersTests;
			productName = StargazersTests;
			productReference = 411EC91826E01BB600A95010 /* StargazersTests.xctest */;
			productType = "com.apple.product-type.bundle.unit-test";
		};
		411EC92226E01BB600A95010 /* StargazersUITests */ = {
			isa = PBXNativeTarget;
			buildConfigurationList = 411EC93226E01BB600A95010 /* Build configuration list for PBXNativeTarget "StargazersUITests" */;
			buildPhases = (
				4141F99901A4253CDDB54C3D /* [CP] Check Pods Manifest.lock */,
				411EC91F26E01BB600A95010 /* Sources */,
				411EC92026E01BB600A95010 /* Frameworks */,
				411EC92126E01BB600A95010 /* Resources */,
				91AD4ECD3D981F0187C899A0 /* [CP] Embed Pods Frameworks */,
			);
			buildRules = (
			);
			dependencies = (
				411EC92526E01BB600A95010 /* PBXTargetDependency */,
			);
			name = StargazersUITests;
			productName = StargazersUITests;
			productReference = 411EC92326E01BB600A95010 /* StargazersUITests.xctest */;
			productType = "com.apple.product-type.bundle.ui-testing";
		};
/* End PBXNativeTarget section */

/* Begin PBXProject section */
		411EC8FA26E01BB400A95010 /* Project object */ = {
			isa = PBXProject;
			attributes = {
				LastSwiftUpdateCheck = 1250;
				LastUpgradeCheck = 1250;
				TargetAttributes = {
					411EC90126E01BB400A95010 = {
						CreatedOnToolsVersion = 12.5.1;
					};
					411EC91726E01BB600A95010 = {
						CreatedOnToolsVersion = 12.5.1;
						TestTargetID = 411EC90126E01BB400A95010;
					};
					411EC92226E01BB600A95010 = {
						CreatedOnToolsVersion = 12.5.1;
						TestTargetID = 411EC90126E01BB400A95010;
					};
				};
			};
			buildConfigurationList = 411EC8FD26E01BB400A95010 /* Build configuration list for PBXProject "Stargazers" */;
			compatibilityVersion = "Xcode 9.3";
			developmentRegion = en;
			hasScannedForEncodings = 0;
			knownRegions = (
				en,
				Base,
			);
			mainGroup = 411EC8F926E01BB400A95010;
			productRefGroup = 411EC90326E01BB400A95010 /* Products */;
			projectDirPath = "";
			projectRoot = "";
			targets = (
				411EC90126E01BB400A95010 /* Stargazers */,
				411EC91726E01BB600A95010 /* StargazersTests */,
				411EC92226E01BB600A95010 /* StargazersUITests */,
			);
		};
/* End PBXProject section */

/* Begin PBXResourcesBuildPhase section */
		411EC90026E01BB400A95010 /* Resources */ = {
			isa = PBXResourcesBuildPhase;
			buildActionMask = 2147483647;
			files = (
				411EC91226E01BB500A95010 /* LaunchScreen.storyboard in Resources */,
				411EC90F26E01BB500A95010 /* Assets.xcassets in Resources */,
				411EC90D26E01BB400A95010 /* Main.storyboard in Resources */,
			);
			runOnlyForDeploymentPostprocessing = 0;
		};
		411EC91626E01BB600A95010 /* Resources */ = {
			isa = PBXResourcesBuildPhase;
			buildActionMask = 2147483647;
			files = (
			);
			runOnlyForDeploymentPostprocessing = 0;
		};
		411EC92126E01BB600A95010 /* Resources */ = {
			isa = PBXResourcesBuildPhase;
			buildActionMask = 2147483647;
			files = (
			);
			runOnlyForDeploymentPostprocessing = 0;
		};
/* End PBXResourcesBuildPhase section */

/* Begin PBXShellScriptBuildPhase section */
		112D1BE13B4EDCD33F2089AF /* [CP] Check Pods Manifest.lock */ = {
			isa = PBXShellScriptBuildPhase;
			buildActionMask = 2147483647;
			files = (
			);
			inputFileListPaths = (
			);
			inputPaths = (
				"${PODS_PODFILE_DIR_PATH}/Podfile.lock",
				"${PODS_ROOT}/Manifest.lock",
			);
			name = "[CP] Check Pods Manifest.lock";
			outputFileListPaths = (
			);
			outputPaths = (
				"$(DERIVED_FILE_DIR)/Pods-StargazersTests-checkManifestLockResult.txt",
			);
			runOnlyForDeploymentPostprocessing = 0;
			shellPath = /bin/sh;
			shellScript = "diff \"${PODS_PODFILE_DIR_PATH}/Podfile.lock\" \"${PODS_ROOT}/Manifest.lock\" > /dev/null\nif [ $? != 0 ] ; then\n    # print error to STDERR\n    echo \"error: The sandbox is not in sync with the Podfile.lock. Run 'pod install' or update your CocoaPods installation.\" >&2\n    exit 1\nfi\n# This output is used by Xcode 'outputs' to avoid re-running this script phase.\necho \"SUCCESS\" > \"${SCRIPT_OUTPUT_FILE_0}\"\n";
			showEnvVarsInLog = 0;
		};
		4141F99901A4253CDDB54C3D /* [CP] Check Pods Manifest.lock */ = {
			isa = PBXShellScriptBuildPhase;
			buildActionMask = 2147483647;
			files = (
			);
			inputFileListPaths = (
			);
			inputPaths = (
				"${PODS_PODFILE_DIR_PATH}/Podfile.lock",
				"${PODS_ROOT}/Manifest.lock",
			);
			name = "[CP] Check Pods Manifest.lock";
			outputFileListPaths = (
			);
			outputPaths = (
				"$(DERIVED_FILE_DIR)/Pods-Stargazers-StargazersUITests-checkManifestLockResult.txt",
			);
			runOnlyForDeploymentPostprocessing = 0;
			shellPath = /bin/sh;
			shellScript = "diff \"${PODS_PODFILE_DIR_PATH}/Podfile.lock\" \"${PODS_ROOT}/Manifest.lock\" > /dev/null\nif [ $? != 0 ] ; then\n    # print error to STDERR\n    echo \"error: The sandbox is not in sync with the Podfile.lock. Run 'pod install' or update your CocoaPods installation.\" >&2\n    exit 1\nfi\n# This output is used by Xcode 'outputs' to avoid re-running this script phase.\necho \"SUCCESS\" > \"${SCRIPT_OUTPUT_FILE_0}\"\n";
			showEnvVarsInLog = 0;
		};
		91AD4ECD3D981F0187C899A0 /* [CP] Embed Pods Frameworks */ = {
			isa = PBXShellScriptBuildPhase;
			buildActionMask = 2147483647;
			files = (
			);
			inputFileListPaths = (
				"${PODS_ROOT}/Target Support Files/Pods-Stargazers-StargazersUITests/Pods-Stargazers-StargazersUITests-frameworks-${CONFIGURATION}-input-files.xcfilelist",
			);
			name = "[CP] Embed Pods Frameworks";
			outputFileListPaths = (
				"${PODS_ROOT}/Target Support Files/Pods-Stargazers-StargazersUITests/Pods-Stargazers-StargazersUITests-frameworks-${CONFIGURATION}-output-files.xcfilelist",
			);
			runOnlyForDeploymentPostprocessing = 0;
			shellPath = /bin/sh;
			shellScript = "\"${PODS_ROOT}/Target Support Files/Pods-Stargazers-StargazersUITests/Pods-Stargazers-StargazersUITests-frameworks.sh\"\n";
			showEnvVarsInLog = 0;
		};
		AE5B861774305A22058804AB /* [CP] Embed Pods Frameworks */ = {
			isa = PBXShellScriptBuildPhase;
			buildActionMask = 2147483647;
			files = (
			);
			inputFileListPaths = (
				"${PODS_ROOT}/Target Support Files/Pods-Stargazers/Pods-Stargazers-frameworks-${CONFIGURATION}-input-files.xcfilelist",
			);
			name = "[CP] Embed Pods Frameworks";
			outputFileListPaths = (
				"${PODS_ROOT}/Target Support Files/Pods-Stargazers/Pods-Stargazers-frameworks-${CONFIGURATION}-output-files.xcfilelist",
			);
			runOnlyForDeploymentPostprocessing = 0;
			shellPath = /bin/sh;
			shellScript = "\"${PODS_ROOT}/Target Support Files/Pods-Stargazers/Pods-Stargazers-frameworks.sh\"\n";
			showEnvVarsInLog = 0;
		};
		BD4559A5140055134CFB1BC2 /* [CP] Embed Pods Frameworks */ = {
			isa = PBXShellScriptBuildPhase;
			buildActionMask = 2147483647;
			files = (
			);
			inputFileListPaths = (
				"${PODS_ROOT}/Target Support Files/Pods-StargazersTests/Pods-StargazersTests-frameworks-${CONFIGURATION}-input-files.xcfilelist",
			);
			name = "[CP] Embed Pods Frameworks";
			outputFileListPaths = (
				"${PODS_ROOT}/Target Support Files/Pods-StargazersTests/Pods-StargazersTests-frameworks-${CONFIGURATION}-output-files.xcfilelist",
			);
			runOnlyForDeploymentPostprocessing = 0;
			shellPath = /bin/sh;
			shellScript = "\"${PODS_ROOT}/Target Support Files/Pods-StargazersTests/Pods-StargazersTests-frameworks.sh\"\n";
			showEnvVarsInLog = 0;
		};
		ED30F38FF145F7ECA6BBCDDA /* [CP] Check Pods Manifest.lock */ = {
			isa = PBXShellScriptBuildPhase;
			buildActionMask = 2147483647;
			files = (
			);
			inputFileListPaths = (
			);
			inputPaths = (
				"${PODS_PODFILE_DIR_PATH}/Podfile.lock",
				"${PODS_ROOT}/Manifest.lock",
			);
			name = "[CP] Check Pods Manifest.lock";
			outputFileListPaths = (
			);
			outputPaths = (
				"$(DERIVED_FILE_DIR)/Pods-Stargazers-checkManifestLockResult.txt",
			);
			runOnlyForDeploymentPostprocessing = 0;
			shellPath = /bin/sh;
			shellScript = "diff \"${PODS_PODFILE_DIR_PATH}/Podfile.lock\" \"${PODS_ROOT}/Manifest.lock\" > /dev/null\nif [ $? != 0 ] ; then\n    # print error to STDERR\n    echo \"error: The sandbox is not in sync with the Podfile.lock. Run 'pod install' or update your CocoaPods installation.\" >&2\n    exit 1\nfi\n# This output is used by Xcode 'outputs' to avoid re-running this script phase.\necho \"SUCCESS\" > \"${SCRIPT_OUTPUT_FILE_0}\"\n";
			showEnvVarsInLog = 0;
		};
/* End PBXShellScriptBuildPhase section */

/* Begin PBXSourcesBuildPhase section */
		411EC8FE26E01BB400A95010 /* Sources */ = {
			isa = PBXSourcesBuildPhase;
			buildActionMask = 2147483647;
			files = (
				4156ED1D26E5177200BF25DD /* SearchStargazersViewModel.swift in Sources */,
				411EC90626E01BB400A95010 /* AppDelegate.swift in Sources */,
				411EC90826E01BB400A95010 /* SceneDelegate.swift in Sources */,
				4156ED2626E544D800BF25DD /* StringExt.swift in Sources */,
				4156ED2826E5465500BF25DD /* ErrorExt.swift in Sources */,
				4156ED1C26E5177200BF25DD /* SearchStargazersViewController.swift in Sources */,
				4156ED2326E5202000BF25DD /* config.swift in Sources */,
				4156ED2026E51B0000BF25DD /* StargazerCellTableViewCell.swift in Sources */,
				4156ED1B26E5177200BF25DD /* SearchStargazersPresenter.swift in Sources */,
			);
			runOnlyForDeploymentPostprocessing = 0;
		};
		411EC91426E01BB600A95010 /* Sources */ = {
			isa = PBXSourcesBuildPhase;
			buildActionMask = 2147483647;
			files = (
				411EC91D26E01BB600A95010 /* StargazersTests.swift in Sources */,
			);
			runOnlyForDeploymentPostprocessing = 0;
		};
		411EC91F26E01BB600A95010 /* Sources */ = {
			isa = PBXSourcesBuildPhase;
			buildActionMask = 2147483647;
			files = (
				411EC92826E01BB600A95010 /* StargazersUITests.swift in Sources */,
			);
			runOnlyForDeploymentPostprocessing = 0;
		};
/* End PBXSourcesBuildPhase section */

/* Begin PBXTargetDependency section */
		411EC91A26E01BB600A95010 /* PBXTargetDependency */ = {
			isa = PBXTargetDependency;
			target = 411EC90126E01BB400A95010 /* Stargazers */;
			targetProxy = 411EC91926E01BB600A95010 /* PBXContainerItemProxy */;
		};
		411EC92526E01BB600A95010 /* PBXTargetDependency */ = {
			isa = PBXTargetDependency;
			target = 411EC90126E01BB400A95010 /* Stargazers */;
			targetProxy = 411EC92426E01BB600A95010 /* PBXContainerItemProxy */;
		};
/* End PBXTargetDependency section */

/* Begin PBXVariantGroup section */
		411EC90B26E01BB400A95010 /* Main.storyboard */ = {
			isa = PBXVariantGroup;
			children = (
				411EC90C26E01BB400A95010 /* Base */,
			);
			name = Main.storyboard;
			sourceTree = "<group>";
		};
		411EC91026E01BB500A95010 /* LaunchScreen.storyboard */ = {
			isa = PBXVariantGroup;
			children = (
				411EC91126E01BB500A95010 /* Base */,
			);
			name = LaunchScreen.storyboard;
			sourceTree = "<group>";
		};
/* End PBXVariantGroup section */

/* Begin XCBuildConfiguration section */
		411EC92A26E01BB600A95010 /* Debug */ = {
			isa = XCBuildConfiguration;
			buildSettings = {
				ALWAYS_SEARCH_USER_PATHS = NO;
				CLANG_ANALYZER_NONNULL = YES;
				CLANG_ANALYZER_NUMBER_OBJECT_CONVERSION = YES_AGGRESSIVE;
				CLANG_CXX_LANGUAGE_STANDARD = "gnu++14";
				CLANG_CXX_LIBRARY = "libc++";
				CLANG_ENABLE_MODULES = YES;
				CLANG_ENABLE_OBJC_ARC = YES;
				CLANG_ENABLE_OBJC_WEAK = YES;
				CLANG_WARN_BLOCK_CAPTURE_AUTORELEASING = YES;
				CLANG_WARN_BOOL_CONVERSION = YES;
				CLANG_WARN_COMMA = YES;
				CLANG_WARN_CONSTANT_CONVERSION = YES;
				CLANG_WARN_DEPRECATED_OBJC_IMPLEMENTATIONS = YES;
				CLANG_WARN_DIRECT_OBJC_ISA_USAGE = YES_ERROR;
				CLANG_WARN_DOCUMENTATION_COMMENTS = YES;
				CLANG_WARN_EMPTY_BODY = YES;
				CLANG_WARN_ENUM_CONVERSION = YES;
				CLANG_WARN_INFINITE_RECURSION = YES;
				CLANG_WARN_INT_CONVERSION = YES;
				CLANG_WARN_NON_LITERAL_NULL_CONVERSION = YES;
				CLANG_WARN_OBJC_IMPLICIT_RETAIN_SELF = YES;
				CLANG_WARN_OBJC_LITERAL_CONVERSION = YES;
				CLANG_WARN_OBJC_ROOT_CLASS = YES_ERROR;
				CLANG_WARN_QUOTED_INCLUDE_IN_FRAMEWORK_HEADER = YES;
				CLANG_WARN_RANGE_LOOP_ANALYSIS = YES;
				CLANG_WARN_STRICT_PROTOTYPES = YES;
				CLANG_WARN_SUSPICIOUS_MOVE = YES;
				CLANG_WARN_UNGUARDED_AVAILABILITY = YES_AGGRESSIVE;
				CLANG_WARN_UNREACHABLE_CODE = YES;
				CLANG_WARN__DUPLICATE_METHOD_MATCH = YES;
				COPY_PHASE_STRIP = NO;
				DEBUG_INFORMATION_FORMAT = dwarf;
				ENABLE_STRICT_OBJC_MSGSEND = YES;
				ENABLE_TESTABILITY = YES;
				GCC_C_LANGUAGE_STANDARD = gnu11;
				GCC_DYNAMIC_NO_PIC = NO;
				GCC_NO_COMMON_BLOCKS = YES;
				GCC_OPTIMIZATION_LEVEL = 0;
				GCC_PREPROCESSOR_DEFINITIONS = (
					"DEBUG=1",
					"$(inherited)",
				);
				GCC_WARN_64_TO_32_BIT_CONVERSION = YES;
				GCC_WARN_ABOUT_RETURN_TYPE = YES_ERROR;
				GCC_WARN_UNDECLARED_SELECTOR = YES;
				GCC_WARN_UNINITIALIZED_AUTOS = YES_AGGRESSIVE;
				GCC_WARN_UNUSED_FUNCTION = YES;
				GCC_WARN_UNUSED_VARIABLE = YES;
				IPHONEOS_DEPLOYMENT_TARGET = 14.5;
				MTL_ENABLE_DEBUG_INFO = INCLUDE_SOURCE;
				MTL_FAST_MATH = YES;
				ONLY_ACTIVE_ARCH = YES;
				SDKROOT = iphoneos;
				SWIFT_ACTIVE_COMPILATION_CONDITIONS = DEBUG;
				SWIFT_OPTIMIZATION_LEVEL = "-Onone";
			};
			name = Debug;
		};
		411EC92B26E01BB600A95010 /* Release */ = {
			isa = XCBuildConfiguration;
			buildSettings = {
				ALWAYS_SEARCH_USER_PATHS = NO;
				CLANG_ANALYZER_NONNULL = YES;
				CLANG_ANALYZER_NUMBER_OBJECT_CONVERSION = YES_AGGRESSIVE;
				CLANG_CXX_LANGUAGE_STANDARD = "gnu++14";
				CLANG_CXX_LIBRARY = "libc++";
				CLANG_ENABLE_MODULES = YES;
				CLANG_ENABLE_OBJC_ARC = YES;
				CLANG_ENABLE_OBJC_WEAK = YES;
				CLANG_WARN_BLOCK_CAPTURE_AUTORELEASING = YES;
				CLANG_WARN_BOOL_CONVERSION = YES;
				CLANG_WARN_COMMA = YES;
				CLANG_WARN_CONSTANT_CONVERSION = YES;
				CLANG_WARN_DEPRECATED_OBJC_IMPLEMENTATIONS = YES;
				CLANG_WARN_DIRECT_OBJC_ISA_USAGE = YES_ERROR;
				CLANG_WARN_DOCUMENTATION_COMMENTS = YES;
				CLANG_WARN_EMPTY_BODY = YES;
				CLANG_WARN_ENUM_CONVERSION = YES;
				CLANG_WARN_INFINITE_RECURSION = YES;
				CLANG_WARN_INT_CONVERSION = YES;
				CLANG_WARN_NON_LITERAL_NULL_CONVERSION = YES;
				CLANG_WARN_OBJC_IMPLICIT_RETAIN_SELF = YES;
				CLANG_WARN_OBJC_LITERAL_CONVERSION = YES;
				CLANG_WARN_OBJC_ROOT_CLASS = YES_ERROR;
				CLANG_WARN_QUOTED_INCLUDE_IN_FRAMEWORK_HEADER = YES;
				CLANG_WARN_RANGE_LOOP_ANALYSIS = YES;
				CLANG_WARN_STRICT_PROTOTYPES = YES;
				CLANG_WARN_SUSPICIOUS_MOVE = YES;
				CLANG_WARN_UNGUARDED_AVAILABILITY = YES_AGGRESSIVE;
				CLANG_WARN_UNREACHABLE_CODE = YES;
				CLANG_WARN__DUPLICATE_METHOD_MATCH = YES;
				COPY_PHASE_STRIP = NO;
				DEBUG_INFORMATION_FORMAT = "dwarf-with-dsym";
				ENABLE_NS_ASSERTIONS = NO;
				ENABLE_STRICT_OBJC_MSGSEND = YES;
				GCC_C_LANGUAGE_STANDARD = gnu11;
				GCC_NO_COMMON_BLOCKS = YES;
				GCC_WARN_64_TO_32_BIT_CONVERSION = YES;
				GCC_WARN_ABOUT_RETURN_TYPE = YES_ERROR;
				GCC_WARN_UNDECLARED_SELECTOR = YES;
				GCC_WARN_UNINITIALIZED_AUTOS = YES_AGGRESSIVE;
				GCC_WARN_UNUSED_FUNCTION = YES;
				GCC_WARN_UNUSED_VARIABLE = YES;
				IPHONEOS_DEPLOYMENT_TARGET = 14.5;
				MTL_ENABLE_DEBUG_INFO = NO;
				MTL_FAST_MATH = YES;
				SDKROOT = iphoneos;
				SWIFT_COMPILATION_MODE = wholemodule;
				SWIFT_OPTIMIZATION_LEVEL = "-O";
				VALIDATE_PRODUCT = YES;
			};
			name = Release;
		};
		411EC92D26E01BB600A95010 /* Debug */ = {
			isa = XCBuildConfiguration;
			baseConfigurationReference = 7C41656B0F57AF3B0ED6C797 /* Pods-Stargazers.debug.xcconfig */;
			buildSettings = {
				ASSETCATALOG_COMPILER_APPICON_NAME = AppIcon;
				ASSETCATALOG_COMPILER_GLOBAL_ACCENT_COLOR_NAME = AccentColor;
				CODE_SIGN_STYLE = Automatic;
				INFOPLIST_FILE = Stargazers/Info.plist;
				LD_RUNPATH_SEARCH_PATHS = (
					"$(inherited)",
					"@executable_path/Frameworks",
				);
				PRODUCT_BUNDLE_IDENTIFIER = it.croccio.Stargazers;
				PRODUCT_NAME = "$(TARGET_NAME)";
				SWIFT_VERSION = 5.0;
				TARGETED_DEVICE_FAMILY = "1,2";
			};
			name = Debug;
		};
		411EC92E26E01BB600A95010 /* Release */ = {
			isa = XCBuildConfiguration;
			baseConfigurationReference = 59E3934FFB7012040C3F884D /* Pods-Stargazers.release.xcconfig */;
			buildSettings = {
				ASSETCATALOG_COMPILER_APPICON_NAME = AppIcon;
				ASSETCATALOG_COMPILER_GLOBAL_ACCENT_COLOR_NAME = AccentColor;
				CODE_SIGN_STYLE = Automatic;
				INFOPLIST_FILE = Stargazers/Info.plist;
				LD_RUNPATH_SEARCH_PATHS = (
					"$(inherited)",
					"@executable_path/Frameworks",
				);
				PRODUCT_BUNDLE_IDENTIFIER = it.croccio.Stargazers;
				PRODUCT_NAME = "$(TARGET_NAME)";
				SWIFT_VERSION = 5.0;
				TARGETED_DEVICE_FAMILY = "1,2";
			};
			name = Release;
		};
		411EC93026E01BB600A95010 /* Debug */ = {
			isa = XCBuildConfiguration;
			baseConfigurationReference = 81BBA7E35B4877974054F937 /* Pods-StargazersTests.debug.xcconfig */;
			buildSettings = {
				ALWAYS_EMBED_SWIFT_STANDARD_LIBRARIES = YES;
				BUNDLE_LOADER = "$(TEST_HOST)";
				CODE_SIGN_STYLE = Automatic;
				INFOPLIST_FILE = StargazersTests/Info.plist;
				IPHONEOS_DEPLOYMENT_TARGET = 14.5;
				LD_RUNPATH_SEARCH_PATHS = (
					"$(inherited)",
					"@executable_path/Frameworks",
					"@loader_path/Frameworks",
				);
				PRODUCT_BUNDLE_IDENTIFIER = it.croccio.StargazersTests;
				PRODUCT_NAME = "$(TARGET_NAME)";
				SWIFT_VERSION = 5.0;
				TARGETED_DEVICE_FAMILY = "1,2";
				TEST_HOST = "$(BUILT_PRODUCTS_DIR)/Stargazers.app/Stargazers";
			};
			name = Debug;
		};
		411EC93126E01BB600A95010 /* Release */ = {
			isa = XCBuildConfiguration;
			baseConfigurationReference = 091833309FBBC5ACBBF82983 /* Pods-StargazersTests.release.xcconfig */;
			buildSettings = {
				ALWAYS_EMBED_SWIFT_STANDARD_LIBRARIES = YES;
				BUNDLE_LOADER = "$(TEST_HOST)";
				CODE_SIGN_STYLE = Automatic;
				INFOPLIST_FILE = StargazersTests/Info.plist;
				IPHONEOS_DEPLOYMENT_TARGET = 14.5;
				LD_RUNPATH_SEARCH_PATHS = (
					"$(inherited)",
					"@executable_path/Frameworks",
					"@loader_path/Frameworks",
				);
				PRODUCT_BUNDLE_IDENTIFIER = it.croccio.StargazersTests;
				PRODUCT_NAME = "$(TARGET_NAME)";
				SWIFT_VERSION = 5.0;
				TARGETED_DEVICE_FAMILY = "1,2";
				TEST_HOST = "$(BUILT_PRODUCTS_DIR)/Stargazers.app/Stargazers";
			};
			name = Release;
		};
		411EC93326E01BB600A95010 /* Debug */ = {
			isa = XCBuildConfiguration;
			baseConfigurationReference = C017378AB15E5D137067A2DE /* Pods-Stargazers-StargazersUITests.debug.xcconfig */;
			buildSettings = {
				ALWAYS_EMBED_SWIFT_STANDARD_LIBRARIES = YES;
				CODE_SIGN_STYLE = Automatic;
				INFOPLIST_FILE = StargazersUITests/Info.plist;
				LD_RUNPATH_SEARCH_PATHS = (
					"$(inherited)",
					"@executable_path/Frameworks",
					"@loader_path/Frameworks",
				);
				PRODUCT_BUNDLE_IDENTIFIER = it.croccio.StargazersUITests;
				PRODUCT_NAME = "$(TARGET_NAME)";
				SWIFT_VERSION = 5.0;
				TARGETED_DEVICE_FAMILY = "1,2";
				TEST_TARGET_NAME = Stargazers;
			};
			name = Debug;
		};
		411EC93426E01BB600A95010 /* Release */ = {
			isa = XCBuildConfiguration;
			baseConfigurationReference = E969B13E7700C02077961AD6 /* Pods-Stargazers-StargazersUITests.release.xcconfig */;
			buildSettings = {
				ALWAYS_EMBED_SWIFT_STANDARD_LIBRARIES = YES;
				CODE_SIGN_STYLE = Automatic;
				INFOPLIST_FILE = StargazersUITests/Info.plist;
				LD_RUNPATH_SEARCH_PATHS = (
					"$(inherited)",
					"@executable_path/Frameworks",
					"@loader_path/Frameworks",
				);
				PRODUCT_BUNDLE_IDENTIFIER = it.croccio.StargazersUITests;
				PRODUCT_NAME = "$(TARGET_NAME)";
				SWIFT_VERSION = 5.0;
				TARGETED_DEVICE_FAMILY = "1,2";
				TEST_TARGET_NAME = Stargazers;
			};
			name = Release;
		};
/* End XCBuildConfiguration section */

/* Begin XCConfigurationList section */
		411EC8FD26E01BB400A95010 /* Build configuration list for PBXProject "Stargazers" */ = {
			isa = XCConfigurationList;
			buildConfigurations = (
				411EC92A26E01BB600A95010 /* Debug */,
				411EC92B26E01BB600A95010 /* Release */,
			);
			defaultConfigurationIsVisible = 0;
			defaultConfigurationName = Release;
		};
		411EC92C26E01BB600A95010 /* Build configuration list for PBXNativeTarget "Stargazers" */ = {
			isa = XCConfigurationList;
			buildConfigurations = (
				411EC92D26E01BB600A95010 /* Debug */,
				411EC92E26E01BB600A95010 /* Release */,
			);
			defaultConfigurationIsVisible = 0;
			defaultConfigurationName = Release;
		};
		411EC92F26E01BB600A95010 /* Build configuration list for PBXNativeTarget "StargazersTests" */ = {
			isa = XCConfigurationList;
			buildConfigurations = (
				411EC93026E01BB600A95010 /* Debug */,
				411EC93126E01BB600A95010 /* Release */,
			);
			defaultConfigurationIsVisible = 0;
			defaultConfigurationName = Release;
		};
		411EC93226E01BB600A95010 /* Build configuration list for PBXNativeTarget "StargazersUITests" */ = {
			isa = XCConfigurationList;
			buildConfigurations = (
				411EC93326E01BB600A95010 /* Debug */,
				411EC93426E01BB600A95010 /* Release */,
			);
			defaultConfigurationIsVisible = 0;
			defaultConfigurationName = Release;
		};
/* End XCConfigurationList section */
	};
	rootObject = 411EC8FA26E01BB400A95010 /* Project object */;
}
