// !$*UTF8*$!
{
	archiveVersion = 1;
	classes = {
	};
	objectVersion = 50;
	objects = {

/* Begin PBXBuildFile section */
		411EC90626E01BB400A95010 /* AppDelegate.swift in Sources */ = {isa = PBXBuildFile; fileRef = 411EC90526E01BB400A95010 /* AppDelegate.swift */; };
		411EC90826E01BB400A95010 /* SceneDelegate.swift in Sources */ = {isa = PBXBuildFile; fileRef = 411EC90726E01BB400A95010 /* SceneDelegate.swift */; };
		411EC90A26E01BB400A95010 /* ViewController.swift in Sources */ = {isa = PBXBuildFile; fileRef = 411EC90926E01BB400A95010 /* ViewController.swift */; };
		411EC90D26E01BB400A95010 /* Main.storyboard in Resources */ = {isa = PBXBuildFile; fileRef = 411EC90B26E01BB400A95010 /* Main.storyboard */; };
		411EC90F26E01BB500A95010 /* Assets.xcassets in Resources */ = {isa = PBXBuildFile; fileRef = 411EC90E26E01BB500A95010 /* Assets.xcassets */; };
		411EC91226E01BB500A95010 /* LaunchScreen.storyboard in Resources */ = {isa = PBXBuildFile; fileRef = 411EC91026E01BB500A95010 /* LaunchScreen.storyboard */; };
		411EC91D26E01BB600A95010 /* StargazersTests.swift in Sources */ = {isa = PBXBuildFile; fileRef = 411EC91C26E01BB600A95010 /* StargazersTests.swift */; };
		411EC92826E01BB600A95010 /* StargazersUITests.swift in Sources */ = {isa = PBXBuildFile; fileRef = 411EC92726E01BB600A95010 /* StargazersUITests.swift */; };
/* End PBXBuildFile section */

/* Begin PBXContainerItemProxy section */
		411EC91926E01BB600A95010 /* PBXContainerItemProxy */ = {
			isa = PBXContainerItemProxy;
			containerPortal = 411EC8FA26E01BB400A95010 /* Project object */;
			proxyType = 1;
			remoteGlobalIDString = 411EC90126E01BB400A95010;
			remoteInfo = Stargazers;
		};
		411EC92426E01BB600A95010 /* PBXContainerItemProxy */ = {
			isa = PBXContainerItemProxy;
			containerPortal = 411EC8FA26E01BB400A95010 /* Project object */;
			proxyType = 1;
			remoteGlobalIDString = 411EC90126E01BB400A95010;
			remoteInfo = Stargazers;
		};
/* End PBXContainerItemProxy section */

/* Begin PBXFileReference section */
		411EC90226E01BB400A95010 /* Stargazers.app */ = {isa = PBXFileReference; explicitFileType = wrapper.application; includeInIndex = 0; path = Stargazers.app; sourceTree = BUILT_PRODUCTS_DIR; };
		411EC90526E01BB400A95010 /* AppDelegate.swift */ = {isa = PBXFileReference; lastKnownFileType = sourcecode.swift; path = AppDelegate.swift; sourceTree = "<group>"; };
		411EC90726E01BB400A95010 /* SceneDelegate.swift */ = {isa = PBXFileReference; lastKnownFileType = sourcecode.swift; path = SceneDelegate.swift; sourceTree = "<group>"; };
		411EC90926E01BB400A95010 /* ViewController.swift */ = {isa = PBXFileReference; lastKnownFileType = sourcecode.swift; path = ViewController.swift; sourceTree = "<group>"; };
		411EC90C26E01BB400A95010 /* Base */ = {isa = PBXFileReference; lastKnownFileType = file.storyboard; name = Base; path = Base.lproj/Main.storyboard; sourceTree = "<group>"; };
		411EC90E26E01BB500A95010 /* Assets.xcassets */ = {isa = PBXFileReference; lastKnownFileType = folder.assetcatalog; path = Assets.xcassets; sourceTree = "<group>"; };
		411EC91126E01BB500A95010 /* Base */ = {isa = PBXFileReference; lastKnownFileType = file.storyboard; name = Base; path = Base.lproj/LaunchScreen.storyboard; sourceTree = "<group>"; };
		411EC91326E01BB500A95010 /* Info.plist */ = {isa = PBXFileReference; lastKnownFileType = text.plist.xml; path = Info.plist; sourceTree = "<group>"; };
		411EC91826E01BB600A95010 /* StargazersTests.xctest */ = {isa = PBXFileReference; explicitFileType = wrapper.cfbundle; includeInIndex = 0; path = StargazersTests.xctest; sourceTree = BUILT_PRODUCTS_DIR; };
		411EC91C26E01BB600A95010 /* StargazersTests.swift */ = {isa = PBXFileReference; lastKnownFileType = sourcecode.swift; path = StargazersTests.swift; sourceTree = "<group>"; };
		411EC91E26E01BB600A95010 /* Info.plist */ = {isa = PBXFileReference; lastKnownFileType = text.plist.xml; path = Info.plist; sourceTree = "<group>"; };
		411EC92326E01BB600A95010 /* StargazersUITests.xctest */ = {isa = PBXFileReference; explicitFileType = wrapper.cfbundle; includeInIndex = 0; path = StargazersUITests.xctest; sourceTree = BUILT_PRODUCTS_DIR; };
		411EC92726E01BB600A95010 /* StargazersUITests.swift */ = {isa = PBXFileReference; lastKnownFileType = sourcecode.swift; path = StargazersUITests.swift; sourceTree = "<group>"; };
		411EC92926E01BB600A95010 /* Info.plist */ = {isa = PBXFileReference; lastKnownFileType = text.plist.xml; path = Info.plist; sourceTree = "<group>"; };
/* End PBXFileReference section */

/* Begin PBXFrameworksBuildPhase section */
		411EC8FF26E01BB400A95010 /* Frameworks */ = {
			isa = PBXFrameworksBuildPhase;
			buildActionMask = 2147483647;
			files = (
			);
			runOnlyForDeploymentPostprocessing = 0;
		};
		411EC91526E01BB600A95010 /* Frameworks */ = {
			isa = PBXFrameworksBuildPhase;
			buildActionMask = 2147483647;
			files = (
			);
			runOnlyForDeploymentPostprocessing = 0;
		};
		411EC92026E01BB600A95010 /* Frameworks */ = {
			isa = PBXFrameworksBuildPhase;
			buildActionMask = 2147483647;
			files = (
			);
			runOnlyForDeploymentPostprocessing = 0;
		};
/* End PBXFrameworksBuildPhase section */

/* Begin PBXGroup section */
		411EC8F926E01BB400A95010 = {
			isa = PBXGroup;
			children = (
				411EC90426E01BB400A95010 /* Stargazers */,
				411EC91B26E01BB600A95010 /* StargazersTests */,
				411EC92626E01BB600A95010 /* StargazersUITests */,
				411EC90326E01BB400A95010 /* Products */,
			);
			sourceTree = "<group>";
		};
		411EC90326E01BB400A95010 /* Products */ = {
			isa = PBXGroup;
			children = (
				411EC90226E01BB400A95010 /* Stargazers.app */,
				411EC91826E01BB600A95010 /* StargazersTests.xctest */,
				411EC92326E01BB600A95010 /* StargazersUITests.xctest */,
			);
			name = Products;
			sourceTree = "<group>";
		};
		411EC90426E01BB400A95010 /* Stargazers */ = {
			isa = PBXGroup;
			children = (
				411EC90526E01BB400A95010 /* AppDelegate.swift */,
				411EC90726E01BB400A95010 /* SceneDelegate.swift */,
				411EC90926E01BB400A95010 /* ViewController.swift */,
				411EC90B26E01BB400A95010 /* Main.storyboard */,
				411EC90E26E01BB500A95010 /* Assets.xcassets */,
				411EC91026E01BB500A95010 /* LaunchScreen.storyboard */,
				411EC91326E01BB500A95010 /* Info.plist */,
			);
			path = Stargazers;
			sourceTree = "<group>";
		};
		411EC91B26E01BB600A95010 /* StargazersTests */ = {
			isa = PBXGroup;
			children = (
				411EC91C26E01BB600A95010 /* StargazersTests.swift */,
				411EC91E26E01BB600A95010 /* Info.plist */,
			);
			path = StargazersTests;
			sourceTree = "<group>";
		};
		411EC92626E01BB600A95010 /* StargazersUITests */ = {
			isa = PBXGroup;
			children = (
				411EC92726E01BB600A95010 /* StargazersUITests.swift */,
				411EC92926E01BB600A95010 /* Info.plist */,
			);
			path = StargazersUITests;
			sourceTree = "<group>";
		};
/* End PBXGroup section */

/* Begin PBXNativeTarget section */
		411EC90126E01BB400A95010 /* Stargazers */ = {
			isa = PBXNativeTarget;
			buildConfigurationList = 411EC92C26E01BB600A95010 /* Build configuration list for PBXNativeTarget "Stargazers" */;
			buildPhases = (
				411EC8FE26E01BB400A95010 /* Sources */,
				411EC8FF26E01BB400A95010 /* Frameworks */,
				411EC90026E01BB400A95010 /* Resources */,
			);
			buildRules = (
			);
			dependencies = (
			);
			name = Stargazers;
			productName = Stargazers;
			productReference = 411EC90226E01BB400A95010 /* Stargazers.app */;
			productType = "com.apple.product-type.application";
		};
		411EC91726E01BB600A95010 /* StargazersTests */ = {
			isa = PBXNativeTarget;
			buildConfigurationList = 411EC92F26E01BB600A95010 /* Build configuration list for PBXNativeTarget "StargazersTests" */;
			buildPhases = (
				411EC91426E01BB600A95010 /* Sources */,
				411EC91526E01BB600A95010 /* Frameworks */,
				411EC91626E01BB600A95010 /* Resources */,
			);
			buildRules = (
			);
			dependencies = (
				411EC91A26E01BB600A95010 /* PBXTargetDependency */,
			);
			name = StargazersTests;
			productName = StargazersTests;
			productReference = 411EC91826E01BB600A95010 /* StargazersTests.xctest */;
			productType = "com.apple.product-type.bundle.unit-test";
		};
		411EC92226E01BB600A95010 /* StargazersUITests */ = {
			isa = PBXNativeTarget;
			buildConfigurationList = 411EC93226E01BB600A95010 /* Build configuration list for PBXNativeTarget "StargazersUITests" */;
			buildPhases = (
				411EC91F26E01BB600A95010 /* Sources */,
				411EC92026E01BB600A95010 /* Frameworks */,
				411EC92126E01BB600A95010 /* Resources */,
			);
			buildRules = (
			);
			dependencies = (
				411EC92526E01BB600A95010 /* PBXTargetDependency */,
			);
			name = StargazersUITests;
			productName = StargazersUITests;
			productReference = 411EC92326E01BB600A95010 /* StargazersUITests.xctest */;
			productType = "com.apple.product-type.bundle.ui-testing";
		};
/* End PBXNativeTarget section */

/* Begin PBXProject section */
		411EC8FA26E01BB400A95010 /* Project object */ = {
			isa = PBXProject;
			attributes = {
				LastSwiftUpdateCheck = 1250;
				LastUpgradeCheck = 1250;
				TargetAttributes = {
					411EC90126E01BB400A95010 = {
						CreatedOnToolsVersion = 12.5.1;
					};
					411EC91726E01BB600A95010 = {
						CreatedOnToolsVersion = 12.5.1;
						TestTargetID = 411EC90126E01BB400A95010;
					};
					411EC92226E01BB600A95010 = {
						CreatedOnToolsVersion = 12.5.1;
						TestTargetID = 411EC90126E01BB400A95010;
					};
				};
			};
			buildConfigurationList = 411EC8FD26E01BB400A95010 /* Build configuration list for PBXProject "Stargazers" */;
			compatibilityVersion = "Xcode 9.3";
			developmentRegion = en;
			hasScannedForEncodings = 0;
			knownRegions = (
				en,
				Base,
			);
			mainGroup = 411EC8F926E01BB400A95010;
			productRefGroup = 411EC90326E01BB400A95010 /* Products */;
			projectDirPath = "";
			projectRoot = "";
			targets = (
				411EC90126E01BB400A95010 /* Stargazers */,
				411EC91726E01BB600A95010 /* StargazersTests */,
				411EC92226E01BB600A95010 /* StargazersUITests */,
			);
		};
/* End PBXProject section */

/* Begin PBXResourcesBuildPhase section */
		411EC90026E01BB400A95010 /* Resources */ = {
			isa = PBXResourcesBuildPhase;
			buildActionMask = 2147483647;
			files = (
				411EC91226E01BB500A95010 /* LaunchScreen.storyboard in Resources */,
				411EC90F26E01BB500A95010 /* Assets.xcassets in Resources */,
				411EC90D26E01BB400A95010 /* Main.storyboard in Resources */,
			);
			runOnlyForDeploymentPostprocessing = 0;
		};
		411EC91626E01BB600A95010 /* Resources */ = {
			isa = PBXResourcesBuildPhase;
			buildActionMask = 2147483647;
			files = (
			);
			runOnlyForDeploymentPostprocessing = 0;
		};
		411EC92126E01BB600A95010 /* Resources */ = {
			isa = PBXResourcesBuildPhase;
			buildActionMask = 2147483647;
			files = (
			);
			runOnlyForDeploymentPostprocessing = 0;
		};
/* End PBXResourcesBuildPhase section */

/* Begin PBXSourcesBuildPhase section */
		411EC8FE26E01BB400A95010 /* Sources */ = {
			isa = PBXSourcesBuildPhase;
			buildActionMask = 2147483647;
			files = (
				411EC90A26E01BB400A95010 /* ViewController.swift in Sources */,
				411EC90626E01BB400A95010 /* AppDelegate.swift in Sources */,
				411EC90826E01BB400A95010 /* SceneDelegate.swift in Sources */,
			);
			runOnlyForDeploymentPostprocessing = 0;
		};
		411EC91426E01BB600A95010 /* Sources */ = {
			isa = PBXSourcesBuildPhase;
			buildActionMask = 2147483647;
			files = (
				411EC91D26E01BB600A95010 /* StargazersTests.swift in Sources */,
			);
			runOnlyForDeploymentPostprocessing = 0;
		};
		411EC91F26E01BB600A95010 /* Sources */ = {
			isa = PBXSourcesBuildPhase;
			buildActionMask = 2147483647;
			files = (
				411EC92826E01BB600A95010 /* StargazersUITests.swift in Sources */,
			);
			runOnlyForDeploymentPostprocessing = 0;
		};
/* End PBXSourcesBuildPhase section */

/* Begin PBXTargetDependency section */
		411EC91A26E01BB600A95010 /* PBXTargetDependency */ = {
			isa = PBXTargetDependency;
			target = 411EC90126E01BB400A95010 /* Stargazers */;
			targetProxy = 411EC91926E01BB600A95010 /* PBXContainerItemProxy */;
		};
		411EC92526E01BB600A95010 /* PBXTargetDependency */ = {
			isa = PBXTargetDependency;
			target = 411EC90126E01BB400A95010 /* Stargazers */;
			targetProxy = 411EC92426E01BB600A95010 /* PBXContainerItemProxy */;
		};
/* End PBXTargetDependency section */

/* Begin PBXVariantGroup section */
		411EC90B26E01BB400A95010 /* Main.storyboard */ = {
			isa = PBXVariantGroup;
			children = (
				411EC90C26E01BB400A95010 /* Base */,
			);
			name = Main.storyboard;
			sourceTree = "<group>";
		};
		411EC91026E01BB500A95010 /* LaunchScreen.storyboard */ = {
			isa = PBXVariantGroup;
			children = (
				411EC91126E01BB500A95010 /* Base */,
			);
			name = LaunchScreen.storyboard;
			sourceTree = "<group>";
		};
/* End PBXVariantGroup section */

/* Begin XCBuildConfiguration section */
		411EC92A26E01BB600A95010 /* Debug */ = {
			isa = XCBuildConfiguration;
			buildSettings = {
				ALWAYS_SEARCH_USER_PATHS = NO;
				CLANG_ANALYZER_NONNULL = YES;
				CLANG_ANALYZER_NUMBER_OBJECT_CONVERSION = YES_AGGRESSIVE;
				CLANG_CXX_LANGUAGE_STANDARD = "gnu++14";
				CLANG_CXX_LIBRARY = "libc++";
				CLANG_ENABLE_MODULES = YES;
				CLANG_ENABLE_OBJC_ARC = YES;
				CLANG_ENABLE_OBJC_WEAK = YES;
				CLANG_WARN_BLOCK_CAPTURE_AUTORELEASING = YES;
				CLANG_WARN_BOOL_CONVERSION = YES;
				CLANG_WARN_COMMA = YES;
				CLANG_WARN_CONSTANT_CONVERSION = YES;
				CLANG_WARN_DEPRECATED_OBJC_IMPLEMENTATIONS = YES;
				CLANG_WARN_DIRECT_OBJC_ISA_USAGE = YES_ERROR;
				CLANG_WARN_DOCUMENTATION_COMMENTS = YES;
				CLANG_WARN_EMPTY_BODY = YES;
				CLANG_WARN_ENUM_CONVERSION = YES;
				CLANG_WARN_INFINITE_RECURSION = YES;
				CLANG_WARN_INT_CONVERSION = YES;
				CLANG_WARN_NON_LITERAL_NULL_CONVERSION = YES;
				CLANG_WARN_OBJC_IMPLICIT_RETAIN_SELF = YES;
				CLANG_WARN_OBJC_LITERAL_CONVERSION = YES;
				CLANG_WARN_OBJC_ROOT_CLASS = YES_ERROR;
				CLANG_WARN_QUOTED_INCLUDE_IN_FRAMEWORK_HEADER = YES;
				CLANG_WARN_RANGE_LOOP_ANALYSIS = YES;
				CLANG_WARN_STRICT_PROTOTYPES = YES;
				CLANG_WARN_SUSPICIOUS_MOVE = YES;
				CLANG_WARN_UNGUARDED_AVAILABILITY = YES_AGGRESSIVE;
				CLANG_WARN_UNREACHABLE_CODE = YES;
				CLANG_WARN__DUPLICATE_METHOD_MATCH = YES;
				COPY_PHASE_STRIP = NO;
				DEBUG_INFORMATION_FORMAT = dwarf;
				ENABLE_STRICT_OBJC_MSGSEND = YES;
				ENABLE_TESTABILITY = YES;
				GCC_C_LANGUAGE_STANDARD = gnu11;
				GCC_DYNAMIC_NO_PIC = NO;
				GCC_NO_COMMON_BLOCKS = YES;
				GCC_OPTIMIZATION_LEVEL = 0;
				GCC_PREPROCESSOR_DEFINITIONS = (
					"DEBUG=1",
					"$(inherited)",
				);
				GCC_WARN_64_TO_32_BIT_CONVERSION = YES;
				GCC_WARN_ABOUT_RETURN_TYPE = YES_ERROR;
				GCC_WARN_UNDECLARED_SELECTOR = YES;
				GCC_WARN_UNINITIALIZED_AUTOS = YES_AGGRESSIVE;
				GCC_WARN_UNUSED_FUNCTION = YES;
				GCC_WARN_UNUSED_VARIABLE = YES;
				IPHONEOS_DEPLOYMENT_TARGET = 14.5;
				MTL_ENABLE_DEBUG_INFO = INCLUDE_SOURCE;
				MTL_FAST_MATH = YES;
				ONLY_ACTIVE_ARCH = YES;
				SDKROOT = iphoneos;
				SWIFT_ACTIVE_COMPILATION_CONDITIONS = DEBUG;
				SWIFT_OPTIMIZATION_LEVEL = "-Onone";
			};
			name = Debug;
		};
		411EC92B26E01BB600A95010 /* Release */ = {
			isa = XCBuildConfiguration;
			buildSettings = {
				ALWAYS_SEARCH_USER_PATHS = NO;
				CLANG_ANALYZER_NONNULL = YES;
				CLANG_ANALYZER_NUMBER_OBJECT_CONVERSION = YES_AGGRESSIVE;
				CLANG_CXX_LANGUAGE_STANDARD = "gnu++14";
				CLANG_CXX_LIBRARY = "libc++";
				CLANG_ENABLE_MODULES = YES;
				CLANG_ENABLE_OBJC_ARC = YES;
				CLANG_ENABLE_OBJC_WEAK = YES;
				CLANG_WARN_BLOCK_CAPTURE_AUTORELEASING = YES;
				CLANG_WARN_BOOL_CONVERSION = YES;
				CLANG_WARN_COMMA = YES;
				CLANG_WARN_CONSTANT_CONVERSION = YES;
				CLANG_WARN_DEPRECATED_OBJC_IMPLEMENTATIONS = YES;
				CLANG_WARN_DIRECT_OBJC_ISA_USAGE = YES_ERROR;
				CLANG_WARN_DOCUMENTATION_COMMENTS = YES;
				CLANG_WARN_EMPTY_BODY = YES;
				CLANG_WARN_ENUM_CONVERSION = YES;
				CLANG_WARN_INFINITE_RECURSION = YES;
				CLANG_WARN_INT_CONVERSION = YES;
				CLANG_WARN_NON_LITERAL_NULL_CONVERSION = YES;
				CLANG_WARN_OBJC_IMPLICIT_RETAIN_SELF = YES;
				CLANG_WARN_OBJC_LITERAL_CONVERSION = YES;
				CLANG_WARN_OBJC_ROOT_CLASS = YES_ERROR;
				CLANG_WARN_QUOTED_INCLUDE_IN_FRAMEWORK_HEADER = YES;
				CLANG_WARN_RANGE_LOOP_ANALYSIS = YES;
				CLANG_WARN_STRICT_PROTOTYPES = YES;
				CLANG_WARN_SUSPICIOUS_MOVE = YES;
				CLANG_WARN_UNGUARDED_AVAILABILITY = YES_AGGRESSIVE;
				CLANG_WARN_UNREACHABLE_CODE = YES;
				CLANG_WARN__DUPLICATE_METHOD_MATCH = YES;
				COPY_PHASE_STRIP = NO;
				DEBUG_INFORMATION_FORMAT = "dwarf-with-dsym";
				ENABLE_NS_ASSERTIONS = NO;
				ENABLE_STRICT_OBJC_MSGSEND = YES;
				GCC_C_LANGUAGE_STANDARD = gnu11;
				GCC_NO_COMMON_BLOCKS = YES;
				GCC_WARN_64_TO_32_BIT_CONVERSION = YES;
				GCC_WARN_ABOUT_RETURN_TYPE = YES_ERROR;
				GCC_WARN_UNDECLARED_SELECTOR = YES;
				GCC_WARN_UNINITIALIZED_AUTOS = YES_AGGRESSIVE;
				GCC_WARN_UNUSED_FUNCTION = YES;
				GCC_WARN_UNUSED_VARIABLE = YES;
				IPHONEOS_DEPLOYMENT_TARGET = 14.5;
				MTL_ENABLE_DEBUG_INFO = NO;
				MTL_FAST_MATH = YES;
				SDKROOT = iphoneos;
				SWIFT_COMPILATION_MODE = wholemodule;
				SWIFT_OPTIMIZATION_LEVEL = "-O";
				VALIDATE_PRODUCT = YES;
			};
			name = Release;
		};
		411EC92D26E01BB600A95010 /* Debug */ = {
			isa = XCBuildConfiguration;
			buildSettings = {
				ASSETCATALOG_COMPILER_APPICON_NAME = AppIcon;
				ASSETCATALOG_COMPILER_GLOBAL_ACCENT_COLOR_NAME = AccentColor;
				CODE_SIGN_STYLE = Automatic;
				INFOPLIST_FILE = Stargazers/Info.plist;
				LD_RUNPATH_SEARCH_PATHS = (
					"$(inherited)",
					"@executable_path/Frameworks",
				);
				PRODUCT_BUNDLE_IDENTIFIER = it.croccio.Stargazers;
				PRODUCT_NAME = "$(TARGET_NAME)";
				SWIFT_VERSION = 5.0;
				TARGETED_DEVICE_FAMILY = "1,2";
			};
			name = Debug;
		};
		411EC92E26E01BB600A95010 /* Release */ = {
			isa = XCBuildConfiguration;
			buildSettings = {
				ASSETCATALOG_COMPILER_APPICON_NAME = AppIcon;
				ASSETCATALOG_COMPILER_GLOBAL_ACCENT_COLOR_NAME = AccentColor;
				CODE_SIGN_STYLE = Automatic;
				INFOPLIST_FILE = Stargazers/Info.plist;
				LD_RUNPATH_SEARCH_PATHS = (
					"$(inherited)",
					"@executable_path/Frameworks",
				);
				PRODUCT_BUNDLE_IDENTIFIER = it.croccio.Stargazers;
				PRODUCT_NAME = "$(TARGET_NAME)";
				SWIFT_VERSION = 5.0;
				TARGETED_DEVICE_FAMILY = "1,2";
			};
			name = Release;
		};
		411EC93026E01BB600A95010 /* Debug */ = {
			isa = XCBuildConfiguration;
			buildSettings = {
				ALWAYS_EMBED_SWIFT_STANDARD_LIBRARIES = YES;
				BUNDLE_LOADER = "$(TEST_HOST)";
				CODE_SIGN_STYLE = Automatic;
				INFOPLIST_FILE = StargazersTests/Info.plist;
				IPHONEOS_DEPLOYMENT_TARGET = 14.5;
				LD_RUNPATH_SEARCH_PATHS = (
					"$(inherited)",
					"@executable_path/Frameworks",
					"@loader_path/Frameworks",
				);
				PRODUCT_BUNDLE_IDENTIFIER = it.croccio.StargazersTests;
				PRODUCT_NAME = "$(TARGET_NAME)";
				SWIFT_VERSION = 5.0;
				TARGETED_DEVICE_FAMILY = "1,2";
				TEST_HOST = "$(BUILT_PRODUCTS_DIR)/Stargazers.app/Stargazers";
			};
			name = Debug;
		};
		411EC93126E01BB600A95010 /* Release */ = {
			isa = XCBuildConfiguration;
			buildSettings = {
				ALWAYS_EMBED_SWIFT_STANDARD_LIBRARIES = YES;
				BUNDLE_LOADER = "$(TEST_HOST)";
				CODE_SIGN_STYLE = Automatic;
				INFOPLIST_FILE = StargazersTests/Info.plist;
				IPHONEOS_DEPLOYMENT_TARGET = 14.5;
				LD_RUNPATH_SEARCH_PATHS = (
					"$(inherited)",
					"@executable_path/Frameworks",
					"@loader_path/Frameworks",
				);
				PRODUCT_BUNDLE_IDENTIFIER = it.croccio.StargazersTests;
				PRODUCT_NAME = "$(TARGET_NAME)";
				SWIFT_VERSION = 5.0;
				TARGETED_DEVICE_FAMILY = "1,2";
				TEST_HOST = "$(BUILT_PRODUCTS_DIR)/Stargazers.app/Stargazers";
			};
			name = Release;
		};
		411EC93326E01BB600A95010 /* Debug */ = {
			isa = XCBuildConfiguration;
			buildSettings = {
				ALWAYS_EMBED_SWIFT_STANDARD_LIBRARIES = YES;
				CODE_SIGN_STYLE = Automatic;
				INFOPLIST_FILE = StargazersUITests/Info.plist;
				LD_RUNPATH_SEARCH_PATHS = (
					"$(inherited)",
					"@executable_path/Frameworks",
					"@loader_path/Frameworks",
				);
				PRODUCT_BUNDLE_IDENTIFIER = it.croccio.StargazersUITests;
				PRODUCT_NAME = "$(TARGET_NAME)";
				SWIFT_VERSION = 5.0;
				TARGETED_DEVICE_FAMILY = "1,2";
				TEST_TARGET_NAME = Stargazers;
			};
			name = Debug;
		};
		411EC93426E01BB600A95010 /* Release */ = {
			isa = XCBuildConfiguration;
			buildSettings = {
				ALWAYS_EMBED_SWIFT_STANDARD_LIBRARIES = YES;
				CODE_SIGN_STYLE = Automatic;
				INFOPLIST_FILE = StargazersUITests/Info.plist;
				LD_RUNPATH_SEARCH_PATHS = (
					"$(inherited)",
					"@executable_path/Frameworks",
					"@loader_path/Frameworks",
				);
				PRODUCT_BUNDLE_IDENTIFIER = it.croccio.StargazersUITests;
				PRODUCT_NAME = "$(TARGET_NAME)";
				SWIFT_VERSION = 5.0;
				TARGETED_DEVICE_FAMILY = "1,2";
				TEST_TARGET_NAME = Stargazers;
			};
			name = Release;
		};
/* End XCBuildConfiguration section */

/* Begin XCConfigurationList section */
		411EC8FD26E01BB400A95010 /* Build configuration list for PBXProject "Stargazers" */ = {
			isa = XCConfigurationList;
			buildConfigurations = (
				411EC92A26E01BB600A95010 /* Debug */,
				411EC92B26E01BB600A95010 /* Release */,
			);
			defaultConfigurationIsVisible = 0;
			defaultConfigurationName = Release;
		};
		411EC92C26E01BB600A95010 /* Build configuration list for PBXNativeTarget "Stargazers" */ = {
			isa = XCConfigurationList;
			buildConfigurations = (
				411EC92D26E01BB600A95010 /* Debug */,
				411EC92E26E01BB600A95010 /* Release */,
			);
			defaultConfigurationIsVisible = 0;
			defaultConfigurationName = Release;
		};
		411EC92F26E01BB600A95010 /* Build configuration list for PBXNativeTarget "StargazersTests" */ = {
			isa = XCConfigurationList;
			buildConfigurations = (
				411EC93026E01BB600A95010 /* Debug */,
				411EC93126E01BB600A95010 /* Release */,
			);
			defaultConfigurationIsVisible = 0;
			defaultConfigurationName = Release;
		};
		411EC93226E01BB600A95010 /* Build configuration list for PBXNativeTarget "StargazersUITests" */ = {
			isa = XCConfigurationList;
			buildConfigurations = (
				411EC93326E01BB600A95010 /* Debug */,
				411EC93426E01BB600A95010 /* Release */,
			);
			defaultConfigurationIsVisible = 0;
			defaultConfigurationName = Release;
		};
/* End XCConfigurationList section */
	};
	rootObject = 411EC8FA26E01BB400A95010 /* Project object */;
}
